version = 1
revision = 3
requires-python = ">=3.14"

[[package]]
name = "cffi"
version = "2.0.0"
source = { registry = "https://pypi.org/simple" }
dependencies = [
    { name = "pycparser", marker = "implementation_name != 'PyPy'" },
]
sdist = { url = "https://files.pythonhosted.org/packages/eb/56/b1ba7935a17738ae8453301356628e8147c79dbb825bcbc73dc7401f9846/cffi-2.0.0.tar.gz", hash = "sha256:44d1b5909021139fe36001ae048dbdde8214afa20200eda0f64c068cac5d5529", size = 523588, upload-time = "2025-09-08T23:24:04.541Z" }
wheels = [
    { url = "https://files.pythonhosted.org/packages/92/c4/3ce07396253a83250ee98564f8d7e9789fab8e58858f35d07a9a2c78de9f/cffi-2.0.0-cp314-cp314-macosx_10_13_x86_64.whl", hash = "sha256:fc33c5141b55ed366cfaad382df24fe7dcbc686de5be719b207bb248e3053dc5", size = 185320, upload-time = "2025-09-08T23:23:18.087Z" },
    { url = "https://files.pythonhosted.org/packages/59/dd/27e9fa567a23931c838c6b02d0764611c62290062a6d4e8ff7863daf9730/cffi-2.0.0-cp314-cp314-macosx_11_0_arm64.whl", hash = "sha256:c654de545946e0db659b3400168c9ad31b5d29593291482c43e3564effbcee13", size = 181487, upload-time = "2025-09-08T23:23:19.622Z" },
    { url = "https://files.pythonhosted.org/packages/d6/43/0e822876f87ea8a4ef95442c3d766a06a51fc5298823f884ef87aaad168c/cffi-2.0.0-cp314-cp314-manylinux2014_aarch64.manylinux_2_17_aarch64.whl", hash = "sha256:24b6f81f1983e6df8db3adc38562c83f7d4a0c36162885ec7f7b77c7dcbec97b", size = 220049, upload-time = "2025-09-08T23:23:20.853Z" },
    { url = "https://files.pythonhosted.org/packages/b4/89/76799151d9c2d2d1ead63c2429da9ea9d7aac304603de0c6e8764e6e8e70/cffi-2.0.0-cp314-cp314-manylinux2014_ppc64le.manylinux_2_17_ppc64le.whl", hash = "sha256:12873ca6cb9b0f0d3a0da705d6086fe911591737a59f28b7936bdfed27c0d47c", size = 207793, upload-time = "2025-09-08T23:23:22.08Z" },
    { url = "https://files.pythonhosted.org/packages/bb/dd/3465b14bb9e24ee24cb88c9e3730f6de63111fffe513492bf8c808a3547e/cffi-2.0.0-cp314-cp314-manylinux2014_s390x.manylinux_2_17_s390x.whl", hash = "sha256:d9b97165e8aed9272a6bb17c01e3cc5871a594a446ebedc996e2397a1c1ea8ef", size = 206300, upload-time = "2025-09-08T23:23:23.314Z" },
    { url = "https://files.pythonhosted.org/packages/47/d9/d83e293854571c877a92da46fdec39158f8d7e68da75bf73581225d28e90/cffi-2.0.0-cp314-cp314-manylinux2014_x86_64.manylinux_2_17_x86_64.whl", hash = "sha256:afb8db5439b81cf9c9d0c80404b60c3cc9c3add93e114dcae767f1477cb53775", size = 219244, upload-time = "2025-09-08T23:23:24.541Z" },
    { url = "https://files.pythonhosted.org/packages/2b/0f/1f177e3683aead2bb00f7679a16451d302c436b5cbf2505f0ea8146ef59e/cffi-2.0.0-cp314-cp314-musllinux_1_2_aarch64.whl", hash = "sha256:737fe7d37e1a1bffe70bd5754ea763a62a066dc5913ca57e957824b72a85e205", size = 222828, upload-time = "2025-09-08T23:23:26.143Z" },
    { url = "https://files.pythonhosted.org/packages/c6/0f/cafacebd4b040e3119dcb32fed8bdef8dfe94da653155f9d0b9dc660166e/cffi-2.0.0-cp314-cp314-musllinux_1_2_x86_64.whl", hash = "sha256:38100abb9d1b1435bc4cc340bb4489635dc2f0da7456590877030c9b3d40b0c1", size = 220926, upload-time = "2025-09-08T23:23:27.873Z" },
    { url = "https://files.pythonhosted.org/packages/3e/aa/df335faa45b395396fcbc03de2dfcab242cd61a9900e914fe682a59170b1/cffi-2.0.0-cp314-cp314-win32.whl", hash = "sha256:087067fa8953339c723661eda6b54bc98c5625757ea62e95eb4898ad5e776e9f", size = 175328, upload-time = "2025-09-08T23:23:44.61Z" },
    { url = "https://files.pythonhosted.org/packages/bb/92/882c2d30831744296ce713f0feb4c1cd30f346ef747b530b5318715cc367/cffi-2.0.0-cp314-cp314-win_amd64.whl", hash = "sha256:203a48d1fb583fc7d78a4c6655692963b860a417c0528492a6bc21f1aaefab25", size = 185650, upload-time = "2025-09-08T23:23:45.848Z" },
    { url = "https://files.pythonhosted.org/packages/9f/2c/98ece204b9d35a7366b5b2c6539c350313ca13932143e79dc133ba757104/cffi-2.0.0-cp314-cp314-win_arm64.whl", hash = "sha256:dbd5c7a25a7cb98f5ca55d258b103a2054f859a46ae11aaf23134f9cc0d356ad", size = 180687, upload-time = "2025-09-08T23:23:47.105Z" },
    { url = "https://files.pythonhosted.org/packages/3e/61/c768e4d548bfa607abcda77423448df8c471f25dbe64fb2ef6d555eae006/cffi-2.0.0-cp314-cp314t-macosx_10_13_x86_64.whl", hash = "sha256:9a67fc9e8eb39039280526379fb3a70023d77caec1852002b4da7e8b270c4dd9", size = 188773, upload-time = "2025-09-08T23:23:29.347Z" },
    { url = "https://files.pythonhosted.org/packages/2c/ea/5f76bce7cf6fcd0ab1a1058b5af899bfbef198bea4d5686da88471ea0336/cffi-2.0.0-cp314-cp314t-macosx_11_0_arm64.whl", hash = "sha256:7a66c7204d8869299919db4d5069a82f1561581af12b11b3c9f48c584eb8743d", size = 185013, upload-time = "2025-09-08T23:23:30.63Z" },
    { url = "https://files.pythonhosted.org/packages/be/b4/c56878d0d1755cf9caa54ba71e5d049479c52f9e4afc230f06822162ab2f/cffi-2.0.0-cp314-cp314t-manylinux2014_aarch64.manylinux_2_17_aarch64.whl", hash = "sha256:7cc09976e8b56f8cebd752f7113ad07752461f48a58cbba644139015ac24954c", size = 221593, upload-time = "2025-09-08T23:23:31.91Z" },
    { url = "https://files.pythonhosted.org/packages/e0/0d/eb704606dfe8033e7128df5e90fee946bbcb64a04fcdaa97321309004000/cffi-2.0.0-cp314-cp314t-manylinux2014_ppc64le.manylinux_2_17_ppc64le.whl", hash = "sha256:92b68146a71df78564e4ef48af17551a5ddd142e5190cdf2c5624d0c3ff5b2e8", size = 209354, upload-time = "2025-09-08T23:23:33.214Z" },
    { url = "https://files.pythonhosted.org/packages/d8/19/3c435d727b368ca475fb8742ab97c9cb13a0de600ce86f62eab7fa3eea60/cffi-2.0.0-cp314-cp314t-manylinux2014_s390x.manylinux_2_17_s390x.whl", hash = "sha256:b1e74d11748e7e98e2f426ab176d4ed720a64412b6a15054378afdb71e0f37dc", size = 208480, upload-time = "2025-09-08T23:23:34.495Z" },
    { url = "https://files.pythonhosted.org/packages/d0/44/681604464ed9541673e486521497406fadcc15b5217c3e326b061696899a/cffi-2.0.0-cp314-cp314t-manylinux2014_x86_64.manylinux_2_17_x86_64.whl", hash = "sha256:28a3a209b96630bca57cce802da70c266eb08c6e97e5afd61a75611ee6c64592", size = 221584, upload-time = "2025-09-08T23:23:36.096Z" },
    { url = "https://files.pythonhosted.org/packages/25/8e/342a504ff018a2825d395d44d63a767dd8ebc927ebda557fecdaca3ac33a/cffi-2.0.0-cp314-cp314t-musllinux_1_2_aarch64.whl", hash = "sha256:7553fb2090d71822f02c629afe6042c299edf91ba1bf94951165613553984512", size = 224443, upload-time = "2025-09-08T23:23:37.328Z" },
    { url = "https://files.pythonhosted.org/packages/e1/5e/b666bacbbc60fbf415ba9988324a132c9a7a0448a9a8f125074671c0f2c3/cffi-2.0.0-cp314-cp314t-musllinux_1_2_x86_64.whl", hash = "sha256:6c6c373cfc5c83a975506110d17457138c8c63016b563cc9ed6e056a82f13ce4", size = 223437, upload-time = "2025-09-08T23:23:38.945Z" },
    { url = "https://files.pythonhosted.org/packages/a0/1d/ec1a60bd1a10daa292d3cd6bb0b359a81607154fb8165f3ec95fe003b85c/cffi-2.0.0-cp314-cp314t-win32.whl", hash = "sha256:1fc9ea04857caf665289b7a75923f2c6ed559b8298a1b8c49e59f7dd95c8481e", size = 180487, upload-time = "2025-09-08T23:23:40.423Z" },
    { url = "https://files.pythonhosted.org/packages/bf/41/4c1168c74fac325c0c8156f04b6749c8b6a8f405bbf91413ba088359f60d/cffi-2.0.0-cp314-cp314t-win_amd64.whl", hash = "sha256:d68b6cef7827e8641e8ef16f4494edda8b36104d79773a334beaa1e3521430f6", size = 191726, upload-time = "2025-09-08T23:23:41.742Z" },
    { url = "https://files.pythonhosted.org/packages/ae/3a/dbeec9d1ee0844c679f6bb5d6ad4e9f198b1224f4e7a32825f47f6192b0c/cffi-2.0.0-cp314-cp314t-win_arm64.whl", hash = "sha256:0a1527a803f0a659de1af2e1fd700213caba79377e27e4693648c2923da066f9", size = 184195, upload-time = "2025-09-08T23:23:43.004Z" },
]

[[package]]
name = "colorama"
version = "0.4.6"
source = { registry = "https://pypi.org/simple" }
sdist = { url = "https://files.pythonhosted.org/packages/d8/53/6f443c9a4a8358a93a6792e2acffb9d9d5cb0a5cfd8802644b7b1c9a02e4/colorama-0.4.6.tar.gz", hash = "sha256:08695f5cb7ed6e0531a20572697297273c47b8cae5a63ffc6d6ed5c201be6e44", size = 27697, upload-time = "2022-10-25T02:36:22.414Z" }
wheels = [
    { url = "https://files.pythonhosted.org/packages/d1/d6/3965ed04c63042e047cb6a3e6ed1a63a35087b6a609aa3a15ed8ac56c221/colorama-0.4.6-py2.py3-none-any.whl", hash = "sha256:4f1d9991f5acc0ca119f9d443620b77f9d6b33703e51011c16baf57afb285fc6", size = 25335, upload-time = "2022-10-25T02:36:20.889Z" },
]

[[package]]
name = "coverage"
version = "7.13.5"
source = { registry = "https://pypi.org/simple" }
sdist = { url = "https://files.pythonhosted.org/packages/9d/e0/70553e3000e345daff267cec284ce4cbf3fc141b6da229ac52775b5428f1/coverage-7.13.5.tar.gz", hash = "sha256:c81f6515c4c40141f83f502b07bbfa5c240ba25bbe73da7b33f1e5b6120ff179", size = 915967, upload-time = "2026-03-17T10:33:18.341Z" }
wheels = [
    { url = "https://files.pythonhosted.org/packages/8e/77/39703f0d1d4b478bfd30191d3c14f53caf596fac00efb3f8f6ee23646439/coverage-7.13.5-cp314-cp314-macosx_10_15_x86_64.whl", hash = "sha256:fbabfaceaeb587e16f7008f7795cd80d20ec548dc7f94fbb0d4ec2e038ce563f", size = 219621, upload-time = "2026-03-17T10:32:08.589Z" },
    { url = "https://files.pythonhosted.org/packages/e2/3e/51dff36d99ae14639a133d9b164d63e628532e2974d8b1edb99dd1ebc733/coverage-7.13.5-cp314-cp314-macosx_11_0_arm64.whl", hash = "sha256:9bb2a28101a443669a423b665939381084412b81c3f8c0fcfbac57f4e30b5b8e", size = 219953, upload-time = "2026-03-17T10:32:10.507Z" },
    { url = "https://files.pythonhosted.org/packages/6a/6c/1f1917b01eb647c2f2adc9962bd66c79eb978951cab61bdc1acab3290c07/coverage-7.13.5-cp314-cp314-manylinux1_i686.manylinux_2_28_i686.manylinux_2_5_i686.whl", hash = "sha256:bd3a2fbc1c6cccb3c5106140d87cc6a8715110373ef42b63cf5aea29df8c217a", size = 250992, upload-time = "2026-03-17T10:32:12.41Z" },
    { url = "https://files.pythonhosted.org/packages/22/e5/06b1f88f42a5a99df42ce61208bdec3bddb3d261412874280a19796fc09c/coverage-7.13.5-cp314-cp314-manylinux1_x86_64.manylinux_2_28_x86_64.manylinux_2_5_x86_64.whl", hash = "sha256:6c36ddb64ed9d7e496028d1d00dfec3e428e0aabf4006583bb1839958d280510", size = 253503, upload-time = "2026-03-17T10:32:14.449Z" },
    { url = "https://files.pythonhosted.org/packages/80/28/2a148a51e5907e504fa7b85490277734e6771d8844ebcc48764a15e28155/coverage-7.13.5-cp314-cp314-manylinux2014_aarch64.manylinux_2_17_aarch64.manylinux_2_28_aarch64.whl", hash = "sha256:380e8e9084d8eb38db3a9176a1a4f3c0082c3806fa0dc882d1d87abc3c789247", size = 254852, upload-time = "2026-03-17T10:32:16.56Z" },
    { url = "https://files.pythonhosted.org/packages/61/77/50e8d3d85cc0b7ebe09f30f151d670e302c7ff4a1bf6243f71dd8b0981fa/coverage-7.13.5-cp314-cp314-manylinux2014_ppc64le.manylinux_2_17_ppc64le.manylinux_2_28_ppc64le.whl", hash = "sha256:e808af52a0513762df4d945ea164a24b37f2f518cbe97e03deaa0ee66139b4d6", size = 257161, upload-time = "2026-03-17T10:32:19.004Z" },
    { url = "https://files.pythonhosted.org/packages/3b/c4/b5fd1d4b7bf8d0e75d997afd3925c59ba629fc8616f1b3aae7605132e256/coverage-7.13.5-cp314-cp314-manylinux_2_31_riscv64.manylinux_2_39_riscv64.whl", hash = "sha256:e301d30dd7e95ae068671d746ba8c34e945a82682e62918e41b2679acd2051a0", size = 251021, upload-time = "2026-03-17T10:32:21.344Z" },
    { url = "https://files.pythonhosted.org/packages/f8/66/6ea21f910e92d69ef0b1c3346ea5922a51bad4446c9126db2ae96ee24c4c/coverage-7.13.5-cp314-cp314-musllinux_1_2_aarch64.whl", hash = "sha256:800bc829053c80d240a687ceeb927a94fd108bbdc68dfbe505d0d75ab578a882", size = 252858, upload-time = "2026-03-17T10:32:23.506Z" },
    { url = "https://files.pythonhosted.org/packages/9e/ea/879c83cb5d61aa2a35fb80e72715e92672daef8191b84911a643f533840c/coverage-7.13.5-cp314-cp314-musllinux_1_2_i686.whl", hash = "sha256:0b67af5492adb31940ee418a5a655c28e48165da5afab8c7fa6fd72a142f8740", size = 250823, upload-time = "2026-03-17T10:32:25.516Z" },
    { url = "https://files.pythonhosted.org/packages/8a/fb/616d95d3adb88b9803b275580bdeee8bd1b69a886d057652521f83d7322f/coverage-7.13.5-cp314-cp314-musllinux_1_2_ppc64le.whl", hash = "sha256:c9136ff29c3a91e25b1d1552b5308e53a1e0653a23e53b6366d7c2dcbbaf8a16", size = 255099, upload-time = "2026-03-17T10:32:27.944Z" },
    { url = "https://files.pythonhosted.org/packages/1c/93/25e6917c90ec1c9a56b0b26f6cad6408e5f13bb6b35d484a0d75c9cf000d/coverage-7.13.5-cp314-cp314-musllinux_1_2_riscv64.whl", hash = "sha256:cff784eef7f0b8f6cb28804fbddcfa99f89efe4cc35fb5627e3ac58f91ed3ac0", size = 250638, upload-time = "2026-03-17T10:32:29.914Z" },
    { url = "https://files.pythonhosted.org/packages/fc/7b/dc1776b0464145a929deed214aef9fb1493f159b59ff3c7eeeedf91eddd0/coverage-7.13.5-cp314-cp314-musllinux_1_2_x86_64.whl", hash = "sha256:68a4953be99b17ac3c23b6efbc8a38330d99680c9458927491d18700ef23ded0", size = 252295, upload-time = "2026-03-17T10:32:31.981Z" },
    { url = "https://files.pythonhosted.org/packages/ea/fb/99cbbc56a26e07762a2740713f3c8f9f3f3106e3a3dd8cc4474954bccd34/coverage-7.13.5-cp314-cp314-win32.whl", hash = "sha256:35a31f2b1578185fbe6aa2e74cea1b1d0bbf4c552774247d9160d29b80ed56cc", size = 222360, upload-time = "2026-03-17T10:32:34.233Z" },
    { url = "https://files.pythonhosted.org/packages/8d/b7/4758d4f73fb536347cc5e4ad63662f9d60ba9118cb6785e9616b2ce5d7fa/coverage-7.13.5-cp314-cp314-win_amd64.whl", hash = "sha256:2aa055ae1857258f9e0045be26a6d62bdb47a72448b62d7b55f4820f361a2633", size = 223174, upload-time = "2026-03-17T10:32:36.369Z" },
    { url = "https://files.pythonhosted.org/packages/2c/f2/24d84e1dfe70f8ac9fdf30d338239860d0d1d5da0bda528959d0ebc9da28/coverage-7.13.5-cp314-cp314-win_arm64.whl", hash = "sha256:1b11eef33edeae9d142f9b4358edb76273b3bfd30bc3df9a4f95d0e49caf94e8", size = 221739, upload-time = "2026-03-17T10:32:38.736Z" },
    { url = "https://files.pythonhosted.org/packages/60/5b/4a168591057b3668c2428bff25dd3ebc21b629d666d90bcdfa0217940e84/coverage-7.13.5-cp314-cp314t-macosx_10_15_x86_64.whl", hash = "sha256:10a0c37f0b646eaff7cce1874c31d1f1ccb297688d4c747291f4f4c70741cc8b", size = 220351, upload-time = "2026-03-17T10:32:41.196Z" },
    { url = "https://files.pythonhosted.org/packages/f5/21/1fd5c4dbfe4a58b6b99649125635df46decdfd4a784c3cd6d410d303e370/coverage-7.13.5-cp314-cp314t-macosx_11_0_arm64.whl", hash = "sha256:b5db73ba3c41c7008037fa731ad5459fc3944cb7452fc0aa9f822ad3533c583c", size = 220612, upload-time = "2026-03-17T10:32:43.204Z" },
    { url = "https://files.pythonhosted.org/packages/d6/fe/2a924b3055a5e7e4512655a9d4609781b0d62334fa0140c3e742926834e2/coverage-7.13.5-cp314-cp314t-manylinux1_i686.manylinux_2_28_i686.manylinux_2_5_i686.whl", hash = "sha256:750db93a81e3e5a9831b534be7b1229df848b2e125a604fe6651e48aa070e5f9", size = 261985, upload-time = "2026-03-17T10:32:45.514Z" },
    { url = "https://files.pythonhosted.org/packages/d7/0d/c8928f2bd518c45990fe1a2ab8db42e914ef9b726c975facc4282578c3eb/coverage-7.13.5-cp314-cp314t-manylinux1_x86_64.manylinux_2_28_x86_64.manylinux_2_5_x86_64.whl", hash = "sha256:9ddb4f4a5479f2539644be484da179b653273bca1a323947d48ab107b3ed1f29", size = 264107, upload-time = "2026-03-17T10:32:47.971Z" },
    { url = "https://files.pythonhosted.org/packages/ef/ae/4ae35bbd9a0af9d820362751f0766582833c211224b38665c0f8de3d487f/coverage-7.13.5-cp314-cp314t-manylinux2014_aarch64.manylinux_2_17_aarch64.manylinux_2_28_aarch64.whl", hash = "sha256:d8a7a2049c14f413163e2bdabd37e41179b1d1ccb10ffc6ccc4b7a718429c607", size = 266513, upload-time = "2026-03-17T10:32:50.1Z" },
    { url = "https://files.pythonhosted.org/packages/9c/20/d326174c55af36f74eac6ae781612d9492f060ce8244b570bb9d50d9d609/coverage-7.13.5-cp314-cp314t-manylinux2014_ppc64le.manylinux_2_17_ppc64le.manylinux_2_28_ppc64le.whl", hash = "sha256:e1c85e0b6c05c592ea6d8768a66a254bfb3874b53774b12d4c89c481eb78cb90", size = 267650, upload-time = "2026-03-17T10:32:52.391Z" },
    { url = "https://files.pythonhosted.org/packages/7a/5e/31484d62cbd0eabd3412e30d74386ece4a0837d4f6c3040a653878bfc019/coverage-7.13.5-cp314-cp314t-manylinux_2_31_riscv64.manylinux_2_39_riscv64.whl", hash = "sha256:777c4d1eff1b67876139d24288aaf1817f6c03d6bae9c5cc8d27b83bcfe38fe3", size = 261089, upload-time = "2026-03-17T10:32:54.544Z" },
    { url = "https://files.pythonhosted.org/packages/e9/d8/49a72d6de146eebb0b7e48cc0f4bc2c0dd858e3d4790ab2b39a2872b62bd/coverage-7.13.5-cp314-cp314t-musllinux_1_2_aarch64.whl", hash = "sha256:6697e29b93707167687543480a40f0db8f356e86d9f67ddf2e37e2dfd91a9dab", size = 263982, upload-time = "2026-03-17T10:32:56.803Z" },
    { url = "https://files.pythonhosted.org/packages/06/3b/0351f1bd566e6e4dd39e978efe7958bde1d32f879e85589de147654f57bb/coverage-7.13.5-cp314-cp314t-musllinux_1_2_i686.whl", hash = "sha256:8fdf453a942c3e4d99bd80088141c4c6960bb232c409d9c3558e2dbaa3998562", size = 261579, upload-time = "2026-03-17T10:32:59.466Z" },
    { url = "https://files.pythonhosted.org/packages/5d/ce/796a2a2f4017f554d7810f5c573449b35b1e46788424a548d4d19201b222/coverage-7.13.5-cp314-cp314t-musllinux_1_2_ppc64le.whl", hash = "sha256:32ca0c0114c9834a43f045a87dcebd69d108d8ffb666957ea65aa132f50332e2", size = 265316, upload-time = "2026-03-17T10:33:01.847Z" },
    { url = "https://files.pythonhosted.org/packages/3d/16/d5ae91455541d1a78bc90abf495be600588aff8f6db5c8b0dae739fa39c9/coverage-7.13.5-cp314-cp314t-musllinux_1_2_riscv64.whl", hash = "sha256:8769751c10f339021e2638cd354e13adeac54004d1941119b2c96fe5276d45ea", size = 260427, upload-time = "2026-03-17T10:33:03.945Z" },
    { url = "https://files.pythonhosted.org/packages/48/11/07f413dba62db21fb3fad5d0de013a50e073cc4e2dc4306e770360f6dfc8/coverage-7.13.5-cp314-cp314t-musllinux_1_2_x86_64.whl", hash = "sha256:cec2d83125531bd153175354055cdb7a09987af08a9430bd173c937c6d0fba2a", size = 262745, upload-time = "2026-03-17T10:33:06.285Z" },
    { url = "https://files.pythonhosted.org/packages/91/15/d792371332eb4663115becf4bad47e047d16234b1aff687b1b18c58d60ae/coverage-7.13.5-cp314-cp314t-win32.whl", hash = "sha256:0cd9ed7a8b181775459296e402ca4fb27db1279740a24e93b3b41942ebe4b215", size = 223146, upload-time = "2026-03-17T10:33:08.756Z" },
    { url = "https://files.pythonhosted.org/packages/db/51/37221f59a111dca5e85be7dbf09696323b5b9f13ff65e0641d535ed06ea8/coverage-7.13.5-cp314-cp314t-win_amd64.whl", hash = "sha256:301e3b7dfefecaca37c9f1aa6f0049b7d4ab8dd933742b607765d757aca77d43", size = 224254, upload-time = "2026-03-17T10:33:11.174Z" },
    { url = "https://files.pythonhosted.org/packages/54/83/6acacc889de8987441aa7d5adfbdbf33d288dad28704a67e574f1df9bcbb/coverage-7.13.5-cp314-cp314t-win_arm64.whl", hash = "sha256:9dacc2ad679b292709e0f5fc1ac74a6d4d5562e424058962c7bb0c658ad25e45", size = 222276, upload-time = "2026-03-17T10:33:13.466Z" },
    { url = "https://files.pythonhosted.org/packages/9e/ee/a4cf96b8ce1e566ed238f0659ac2d3f007ed1d14b181bcb684e19561a69a/coverage-7.13.5-py3-none-any.whl", hash = "sha256:34b02417cf070e173989b3db962f7ed56d2f644307b2cf9d5a0f258e13084a61", size = 211346, upload-time = "2026-03-17T10:33:15.691Z" },
]

[[package]]
name = "iniconfig"
version = "2.3.0"
source = { registry = "https://pypi.org/simple" }
sdist = { url = "https://files.pythonhosted.org/packages/72/34/14ca021ce8e5dfedc35312d08ba8bf51fdd999c576889fc2c24cb97f4f10/iniconfig-2.3.0.tar.gz", hash = "sha256:c76315c77db068650d49c5b56314774a7804df16fee4402c1f19d6d15d8c4730", size = 20503, upload-time = "2025-10-18T21:55:43.219Z" }
wheels = [
    { url = "https://files.pythonhosted.org/packages/cb/b1/3846dd7f199d53cb17f49cba7e651e9ce294d8497c8c150530ed11865bb8/iniconfig-2.3.0-py3-none-any.whl", hash = "sha256:f631c04d2c48c52b84d0d0549c99ff3859c98df65b3101406327ecc7d53fbf12", size = 7484, upload-time = "2025-10-18T21:55:41.639Z" },
]

[[package]]
name = "markdown-it-py"
version = "4.0.0"
source = { registry = "https://pypi.org/simple" }
dependencies = [
    { name = "mdurl" },
]
sdist = { url = "https://files.pythonhosted.org/packages/5b/f5/4ec618ed16cc4f8fb3b701563655a69816155e79e24a17b651541804721d/markdown_it_py-4.0.0.tar.gz", hash = "sha256:cb0a2b4aa34f932c007117b194e945bd74e0ec24133ceb5bac59009cda1cb9f3", size = 73070, upload-time = "2025-08-11T12:57:52.854Z" }
wheels = [
    { url = "https://files.pythonhosted.org/packages/94/54/e7d793b573f298e1c9013b8c4dade17d481164aa517d1d7148619c2cedbf/markdown_it_py-4.0.0-py3-none-any.whl", hash = "sha256:87327c59b172c5011896038353a81343b6754500a08cd7a4973bb48c6d578147", size = 87321, upload-time = "2025-08-11T12:57:51.923Z" },
]

[[package]]
name = "mdurl"
version = "0.1.2"
source = { registry = "https://pypi.org/simple" }
sdist = { url = "https://files.pythonhosted.org/packages/d6/54/cfe61301667036ec958cb99bd3efefba235e65cdeb9c84d24a8293ba1d90/mdurl-0.1.2.tar.gz", hash = "sha256:bb413d29f5eea38f31dd4754dd7377d4465116fb207585f97bf925588687c1ba", size = 8729, upload-time = "2022-08-14T12:40:10.846Z" }
wheels = [
    { url = "https://files.pythonhosted.org/packages/b3/38/89ba8ad64ae25be8de66a6d463314cf1eb366222074cfda9ee839c56a4b4/mdurl-0.1.2-py3-none-any.whl", hash = "sha256:84008a41e51615a49fc9966191ff91509e3c40b939176e643fd50a5c2196b8f8", size = 9979, upload-time = "2022-08-14T12:40:09.779Z" },
]

[[package]]
name = "nodeenv"
version = "1.10.0"
source = { registry = "https://pypi.org/simple" }
sdist = { url = "https://files.pythonhosted.org/packages/24/bf/d1bda4f6168e0b2e9e5958945e01910052158313224ada5ce1fb2e1113b8/nodeenv-1.10.0.tar.gz", hash = "sha256:996c191ad80897d076bdfba80a41994c2b47c68e224c542b48feba42ba00f8bb", size = 55611, upload-time = "2025-12-20T14:08:54.006Z" }
wheels = [
    { url = "https://files.pythonhosted.org/packages/88/b2/d0896bdcdc8d28a7fc5717c305f1a861c26e18c05047949fb371034d98bd/nodeenv-1.10.0-py2.py3-none-any.whl", hash = "sha256:5bb13e3eed2923615535339b3c620e76779af4cb4c6a90deccc9e36b274d3827", size = 23438, upload-time = "2025-12-20T14:08:52.782Z" },
]

[[package]]
name = "orbis"
version = "0.1.0"
source = { directory = "../orbis" }

[package.metadata]

[package.metadata.requires-dev]
dev = [
    { name = "pyright", specifier = ">=1.1.408" },
    { name = "pytest", specifier = ">=9.0.3" },
    { name = "pytest-cov", specifier = ">=7.1.0" },
]

[[package]]
name = "packaging"
version = "26.1"
source = { registry = "https://pypi.org/simple" }
sdist = { url = "https://files.pythonhosted.org/packages/df/de/0d2b39fb4af88a0258f3bac87dfcbb48e73fbdea4a2ed0e2213f9a4c2f9a/packaging-26.1.tar.gz", hash = "sha256:f042152b681c4bfac5cae2742a55e103d27ab2ec0f3d88037136b6bfe7c9c5de", size = 215519, upload-time = "2026-04-14T21:12:49.362Z" }
wheels = [
    { url = "https://files.pythonhosted.org/packages/7a/c2/920ef838e2f0028c8262f16101ec09ebd5969864e5a64c4c05fad0617c56/packaging-26.1-py3-none-any.whl", hash = "sha256:5d9c0669c6285e491e0ced2eee587eaf67b670d94a19e94e3984a481aba6802f", size = 95831, upload-time = "2026-04-14T21:12:47.56Z" },
]

[[package]]
name = "pluggy"
version = "1.6.0"
source = { registry = "https://pypi.org/simple" }
sdist = { url = "https://files.pythonhosted.org/packages/f9/e2/3e91f31a7d2b083fe6ef3fa267035b518369d9511ffab804f839851d2779/pluggy-1.6.0.tar.gz", hash = "sha256:7dcc130b76258d33b90f61b658791dede3486c3e6bfb003ee5c9bfb396dd22f3", size = 69412, upload-time = "2025-05-15T12:30:07.975Z" }
wheels = [
    { url = "https://files.pythonhosted.org/packages/54/20/4d324d65cc6d9205fabedc306948156824eb9f0ee1633355a8f7ec5c66bf/pluggy-1.6.0-py3-none-any.whl", hash = "sha256:e920276dd6813095e9377c0bc5566d94c932c33b27a3e3945d8389c374dd4746", size = 20538, upload-time = "2025-05-15T12:30:06.134Z" },
]

[[package]]
name = "psutil"
version = "7.2.2"
source = { registry = "https://pypi.org/simple" }
sdist = { url = "https://files.pythonhosted.org/packages/aa/c6/d1ddf4abb55e93cebc4f2ed8b5d6dbad109ecb8d63748dd2b20ab5e57ebe/psutil-7.2.2.tar.gz", hash = "sha256:0746f5f8d406af344fd547f1c8daa5f5c33dbc293bb8d6a16d80b4bb88f59372", size = 493740, upload-time = "2026-01-28T18:14:54.428Z" }
wheels = [
    { url = "https://files.pythonhosted.org/packages/81/69/ef179ab5ca24f32acc1dac0c247fd6a13b501fd5534dbae0e05a1c48b66d/psutil-7.2.2-cp314-cp314t-macosx_10_15_x86_64.whl", hash = "sha256:eed63d3b4d62449571547b60578c5b2c4bcccc5387148db46e0c2313dad0ee00", size = 130664, upload-time = "2026-01-28T18:15:09.469Z" },
    { url = "https://files.pythonhosted.org/packages/7b/64/665248b557a236d3fa9efc378d60d95ef56dd0a490c2cd37dafc7660d4a9/psutil-7.2.2-cp314-cp314t-macosx_11_0_arm64.whl", hash = "sha256:7b6d09433a10592ce39b13d7be5a54fbac1d1228ed29abc880fb23df7cb694c9", size = 131087, upload-time = "2026-01-28T18:15:11.724Z" },
    { url = "https://files.pythonhosted.org/packages/d5/2e/e6782744700d6759ebce3043dcfa661fb61e2fb752b91cdeae9af12c2178/psutil-7.2.2-cp314-cp314t-manylinux2010_x86_64.manylinux_2_12_x86_64.manylinux_2_28_x86_64.whl", hash = "sha256:1fa4ecf83bcdf6e6c8f4449aff98eefb5d0604bf88cb883d7da3d8d2d909546a", size = 182383, upload-time = "2026-01-28T18:15:13.445Z" },
    { url = "https://files.pythonhosted.org/packages/57/49/0a41cefd10cb7505cdc04dab3eacf24c0c2cb158a998b8c7b1d27ee2c1f5/psutil-7.2.2-cp314-cp314t-manylinux2014_aarch64.manylinux_2_17_aarch64.manylinux_2_28_aarch64.whl", hash = "sha256:e452c464a02e7dc7822a05d25db4cde564444a67e58539a00f929c51eddda0cf", size = 185210, upload-time = "2026-01-28T18:15:16.002Z" },
    { url = "https://files.pythonhosted.org/packages/dd/2c/ff9bfb544f283ba5f83ba725a3c5fec6d6b10b8f27ac1dc641c473dc390d/psutil-7.2.2-cp314-cp314t-win_amd64.whl", hash = "sha256:c7663d4e37f13e884d13994247449e9f8f574bc4655d509c3b95e9ec9e2b9dc1", size = 141228, upload-time = "2026-01-28T18:15:18.385Z" },
    { url = "https://files.pythonhosted.org/packages/f2/fc/f8d9c31db14fcec13748d373e668bc3bed94d9077dbc17fb0eebc073233c/psutil-7.2.2-cp314-cp314t-win_arm64.whl", hash = "sha256:11fe5a4f613759764e79c65cf11ebdf26e33d6dd34336f8a337aa2996d71c841", size = 136284, upload-time = "2026-01-28T18:15:19.912Z" },
    { url = "https://files.pythonhosted.org/packages/e7/36/5ee6e05c9bd427237b11b3937ad82bb8ad2752d72c6969314590dd0c2f6e/psutil-7.2.2-cp36-abi3-macosx_10_9_x86_64.whl", hash = "sha256:ed0cace939114f62738d808fdcecd4c869222507e266e574799e9c0faa17d486", size = 129090, upload-time = "2026-01-28T18:15:22.168Z" },
    { url = "https://files.pythonhosted.org/packages/80/c4/f5af4c1ca8c1eeb2e92ccca14ce8effdeec651d5ab6053c589b074eda6e1/psutil-7.2.2-cp36-abi3-macosx_11_0_arm64.whl", hash = "sha256:1a7b04c10f32cc88ab39cbf606e117fd74721c831c98a27dc04578deb0c16979", size = 129859, upload-time = "2026-01-28T18:15:23.795Z" },
    { url = "https://files.pythonhosted.org/packages/b5/70/5d8df3b09e25bce090399cf48e452d25c935ab72dad19406c77f4e828045/psutil-7.2.2-cp36-abi3-manylinux2010_x86_64.manylinux_2_12_x86_64.manylinux_2_28_x86_64.whl", hash = "sha256:076a2d2f923fd4821644f5ba89f059523da90dc9014e85f8e45a5774ca5bc6f9", size = 155560, upload-time = "2026-01-28T18:15:25.976Z" },
    { url = "https://files.pythonhosted.org/packages/63/65/37648c0c158dc222aba51c089eb3bdfa238e621674dc42d48706e639204f/psutil-7.2.2-cp36-abi3-manylinux2014_aarch64.manylinux_2_17_aarch64.manylinux_2_28_aarch64.whl", hash = "sha256:b0726cecd84f9474419d67252add4ac0cd9811b04d61123054b9fb6f57df6e9e", size = 156997, upload-time = "2026-01-28T18:15:27.794Z" },
    { url = "https://files.pythonhosted.org/packages/8e/13/125093eadae863ce03c6ffdbae9929430d116a246ef69866dad94da3bfbc/psutil-7.2.2-cp36-abi3-musllinux_1_2_aarch64.whl", hash = "sha256:fd04ef36b4a6d599bbdb225dd1d3f51e00105f6d48a28f006da7f9822f2606d8", size = 148972, upload-time = "2026-01-28T18:15:29.342Z" },
    { url = "https://files.pythonhosted.org/packages/04/78/0acd37ca84ce3ddffaa92ef0f571e073faa6d8ff1f0559ab1272188ea2be/psutil-7.2.2-cp36-abi3-musllinux_1_2_x86_64.whl", hash = "sha256:b58fabe35e80b264a4e3bb23e6b96f9e45a3df7fb7eed419ac0e5947c61e47cc", size = 148266, upload-time = "2026-01-28T18:15:31.597Z" },
    { url = "https://files.pythonhosted.org/packages/b4/90/e2159492b5426be0c1fef7acba807a03511f97c5f86b3caeda6ad92351a7/psutil-7.2.2-cp37-abi3-win_amd64.whl", hash = "sha256:eb7e81434c8d223ec4a219b5fc1c47d0417b12be7ea866e24fb5ad6e84b3d988", size = 137737, upload-time = "2026-01-28T18:15:33.849Z" },
    { url = "https://files.pythonhosted.org/packages/8c/c7/7bb2e321574b10df20cbde462a94e2b71d05f9bbda251ef27d104668306a/psutil-7.2.2-cp37-abi3-win_arm64.whl", hash = "sha256:8c233660f575a5a89e6d4cb65d9f938126312bca76d8fe087b947b3a1aaac9ee", size = 134617, upload-time = "2026-01-28T18:15:36.514Z" },
]

[[package]]
name = "pycparser"
version = "3.0"
source = { registry = "https://pypi.org/simple" }
sdist = { url = "https://files.pythonhosted.org/packages/1b/7d/92392ff7815c21062bea51aa7b87d45576f649f16458d78b7cf94b9ab2e6/pycparser-3.0.tar.gz", hash = "sha256:600f49d217304a5902ac3c37e1281c9fe94e4d0489de643a9504c5cdfdfc6b29", size = 103492, upload-time = "2026-01-21T14:26:51.89Z" }
wheels = [
    { url = "https://files.pythonhosted.org/packages/0c/c3/44f3fbbfa403ea2a7c779186dc20772604442dde72947e7d01069cbe98e3/pycparser-3.0-py3-none-any.whl", hash = "sha256:b727414169a36b7d524c1c3e31839a521725078d7b2ff038656844266160a992", size = 48172, upload-time = "2026-01-21T14:26:50.693Z" },
]

[[package]]
name = "pygments"
version = "2.20.0"
source = { registry = "https://pypi.org/simple" }
sdist = { url = "https://files.pythonhosted.org/packages/c3/b2/bc9c9196916376152d655522fdcebac55e66de6603a76a02bca1b6414f6c/pygments-2.20.0.tar.gz", hash = "sha256:6757cd03768053ff99f3039c1a36d6c0aa0b263438fcab17520b30a303a82b5f", size = 4955991, upload-time = "2026-03-29T13:29:33.898Z" }
wheels = [
    { url = "https://files.pythonhosted.org/packages/f4/7e/a72dd26f3b0f4f2bf1dd8923c85f7ceb43172af56d63c7383eb62b332364/pygments-2.20.0-py3-none-any.whl", hash = "sha256:81a9e26dd42fd28a23a2d169d86d7ac03b46e2f8b59ed4698fb4785f946d0176", size = 1231151, upload-time = "2026-03-29T13:29:30.038Z" },
]

[[package]]
name = "pyright"
version = "1.1.408"
source = { registry = "https://pypi.org/simple" }
dependencies = [
    { name = "nodeenv" },
    { name = "typing-extensions" },
]
sdist = { url = "https://files.pythonhosted.org/packages/74/b2/5db700e52554b8f025faa9c3c624c59f1f6c8841ba81ab97641b54322f16/pyright-1.1.408.tar.gz", hash = "sha256:f28f2321f96852fa50b5829ea492f6adb0e6954568d1caa3f3af3a5f555eb684", size = 4400578, upload-time = "2026-01-08T08:07:38.795Z" }
wheels = [
    { url = "https://files.pythonhosted.org/packages/0c/82/a2c93e32800940d9573fb28c346772a14778b84ba7524e691b324620ab89/pyright-1.1.408-py3-none-any.whl", hash = "sha256:090b32865f4fdb1e0e6cd82bf5618480d48eecd2eb2e70f960982a3d9a4c17c1", size = 6399144, upload-time = "2026-01-08T08:07:37.082Z" },
]

[[package]]
name = "pytest"
version = "9.0.3"
source = { registry = "https://pypi.org/simple" }
dependencies = [
    { name = "colorama", marker = "sys_platform == 'win32'" },
    { name = "iniconfig" },
    { name = "packaging" },
    { name = "pluggy" },
    { name = "pygments" },
]
sdist = { url = "https://files.pythonhosted.org/packages/7d/0d/549bd94f1a0a402dc8cf64563a117c0f3765662e2e668477624baeec44d5/pytest-9.0.3.tar.gz", hash = "sha256:b86ada508af81d19edeb213c681b1d48246c1a91d304c6c81a427674c17eb91c", size = 1572165, upload-time = "2026-04-07T17:16:18.027Z" }
wheels = [
    { url = "https://files.pythonhosted.org/packages/d4/24/a372aaf5c9b7208e7112038812994107bc65a84cd00e0354a88c2c77a617/pytest-9.0.3-py3-none-any.whl", hash = "sha256:2c5efc453d45394fdd706ade797c0a81091eccd1d6e4bccfcd476e2b8e0ab5d9", size = 375249, upload-time = "2026-04-07T17:16:16.13Z" },
]

[[package]]
name = "pytest-cov"
version = "7.1.0"
source = { registry = "https://pypi.org/simple" }
dependencies = [
    { name = "coverage" },
    { name = "pluggy" },
    { name = "pytest" },
]
sdist = { url = "https://files.pythonhosted.org/packages/b1/51/a849f96e117386044471c8ec2bd6cfebacda285da9525c9106aeb28da671/pytest_cov-7.1.0.tar.gz", hash = "sha256:30674f2b5f6351aa09702a9c8c364f6a01c27aae0c1366ae8016160d1efc56b2", size = 55592, upload-time = "2026-03-21T20:11:16.284Z" }
wheels = [
    { url = "https://files.pythonhosted.org/packages/9d/7a/d968e294073affff457b041c2be9868a40c1c71f4a35fcc1e45e5493067b/pytest_cov-7.1.0-py3-none-any.whl", hash = "sha256:a0461110b7865f9a271aa1b51e516c9a95de9d696734a2f71e3e78f46e1d4678", size = 22876, upload-time = "2026-03-21T20:11:14.438Z" },
]

[[package]]
name = "pyzmq"
version = "27.1.0"
source = { registry = "https://pypi.org/simple" }
dependencies = [
    { name = "cffi", marker = "implementation_name == 'pypy'" },
]
sdist = { url = "https://files.pythonhosted.org/packages/04/0b/3c9baedbdf613ecaa7aa07027780b8867f57b6293b6ee50de316c9f3222b/pyzmq-27.1.0.tar.gz", hash = "sha256:ac0765e3d44455adb6ddbf4417dcce460fc40a05978c08efdf2948072f6db540", size = 281750, upload-time = "2025-09-08T23:10:18.157Z" }
wheels = [
    { url = "https://files.pythonhosted.org/packages/92/e7/038aab64a946d535901103da16b953c8c9cc9c961dadcbf3609ed6428d23/pyzmq-27.1.0-cp312-abi3-macosx_10_15_universal2.whl", hash = "sha256:452631b640340c928fa343801b0d07eb0c3789a5ffa843f6e1a9cee0ba4eb4fc", size = 1306279, upload-time = "2025-09-08T23:08:03.807Z" },
    { url = "https://files.pythonhosted.org/packages/e8/5e/c3c49fdd0f535ef45eefcc16934648e9e59dace4a37ee88fc53f6cd8e641/pyzmq-27.1.0-cp312-abi3-manylinux2014_i686.manylinux_2_17_i686.whl", hash = "sha256:1c179799b118e554b66da67d88ed66cd37a169f1f23b5d9f0a231b4e8d44a113", size = 895645, upload-time = "2025-09-08T23:08:05.301Z" },
    { url = "https://files.pythonhosted.org/packages/f8/e5/b0b2504cb4e903a74dcf1ebae157f9e20ebb6ea76095f6cfffea28c42ecd/pyzmq-27.1.0-cp312-abi3-manylinux_2_26_aarch64.manylinux_2_28_aarch64.whl", hash = "sha256:3837439b7f99e60312f0c926a6ad437b067356dc2bc2ec96eb395fd0fe804233", size = 652574, upload-time = "2025-09-08T23:08:06.828Z" },
    { url = "https://files.pythonhosted.org/packages/f8/9b/c108cdb55560eaf253f0cbdb61b29971e9fb34d9c3499b0e96e4e60ed8a5/pyzmq-27.1.0-cp312-abi3-manylinux_2_26_x86_64.manylinux_2_28_x86_64.whl", hash = "sha256:43ad9a73e3da1fab5b0e7e13402f0b2fb934ae1c876c51d0afff0e7c052eca31", size = 840995, upload-time = "2025-09-08T23:08:08.396Z" },
    { url = "https://files.pythonhosted.org/packages/c2/bb/b79798ca177b9eb0825b4c9998c6af8cd2a7f15a6a1a4272c1d1a21d382f/pyzmq-27.1.0-cp312-abi3-musllinux_1_2_aarch64.whl", hash = "sha256:0de3028d69d4cdc475bfe47a6128eb38d8bc0e8f4d69646adfbcd840facbac28", size = 1642070, upload-time = "2025-09-08T23:08:09.989Z" },
    { url = "https://files.pythonhosted.org/packages/9c/80/2df2e7977c4ede24c79ae39dcef3899bfc5f34d1ca7a5b24f182c9b7a9ca/pyzmq-27.1.0-cp312-abi3-musllinux_1_2_i686.whl", hash = "sha256:cf44a7763aea9298c0aa7dbf859f87ed7012de8bda0f3977b6fb1d96745df856", size = 2021121, upload-time = "2025-09-08T23:08:11.907Z" },
    { url = "https://files.pythonhosted.org/packages/46/bd/2d45ad24f5f5ae7e8d01525eb76786fa7557136555cac7d929880519e33a/pyzmq-27.1.0-cp312-abi3-musllinux_1_2_x86_64.whl", hash = "sha256:f30f395a9e6fbca195400ce833c731e7b64c3919aa481af4d88c3759e0cb7496", size = 1878550, upload-time = "2025-09-08T23:08:13.513Z" },
    { url = "https://files.pythonhosted.org/packages/e6/2f/104c0a3c778d7c2ab8190e9db4f62f0b6957b53c9d87db77c284b69f33ea/pyzmq-27.1.0-cp312-abi3-win32.whl", hash = "sha256:250e5436a4ba13885494412b3da5d518cd0d3a278a1ae640e113c073a5f88edd", size = 559184, upload-time = "2025-09-08T23:08:15.163Z" },
    { url = "https://files.pythonhosted.org/packages/fc/7f/a21b20d577e4100c6a41795842028235998a643b1ad406a6d4163ea8f53e/pyzmq-27.1.0-cp312-abi3-win_amd64.whl", hash = "sha256:9ce490cf1d2ca2ad84733aa1d69ce6855372cb5ce9223802450c9b2a7cba0ccf", size = 619480, upload-time = "2025-09-08T23:08:17.192Z" },
    { url = "https://files.pythonhosted.org/packages/78/c2/c012beae5f76b72f007a9e91ee9401cb88c51d0f83c6257a03e785c81cc2/pyzmq-27.1.0-cp312-abi3-win_arm64.whl", hash = "sha256:75a2f36223f0d535a0c919e23615fc85a1e23b71f40c7eb43d7b1dedb4d8f15f", size = 552993, upload-time = "2025-09-08T23:08:18.926Z" },
    { url = "https://files.pythonhosted.org/packages/87/45/19efbb3000956e82d0331bafca5d9ac19ea2857722fa2caacefb6042f39d/pyzmq-27.1.0-cp314-cp314t-macosx_10_15_universal2.whl", hash = "sha256:ce980af330231615756acd5154f29813d553ea555485ae712c491cd483df6b7a", size = 1341197, upload-time = "2025-09-08T23:08:44.973Z" },
    { url = "https://files.pythonhosted.org/packages/48/43/d72ccdbf0d73d1343936296665826350cb1e825f92f2db9db3e61c2162a2/pyzmq-27.1.0-cp314-cp314t-manylinux2014_i686.manylinux_2_17_i686.whl", hash = "sha256:1779be8c549e54a1c38f805e56d2a2e5c009d26de10921d7d51cfd1c8d4632ea", size = 897175, upload-time = "2025-09-08T23:08:46.601Z" },
    { url = "https://files.pythonhosted.org/packages/2f/2e/a483f73a10b65a9ef0161e817321d39a770b2acf8bcf3004a28d90d14a94/pyzmq-27.1.0-cp314-cp314t-manylinux_2_26_aarch64.manylinux_2_28_aarch64.whl", hash = "sha256:7200bb0f03345515df50d99d3db206a0a6bee1955fbb8c453c76f5bf0e08fb96", size = 660427, upload-time = "2025-09-08T23:08:48.187Z" },
    { url = "https://files.pythonhosted.org/packages/f5/d2/5f36552c2d3e5685abe60dfa56f91169f7a2d99bbaf67c5271022ab40863/pyzmq-27.1.0-cp314-cp314t-manylinux_2_26_x86_64.manylinux_2_28_x86_64.whl", hash = "sha256:01c0e07d558b06a60773744ea6251f769cd79a41a97d11b8bf4ab8f034b0424d", size = 847929, upload-time = "2025-09-08T23:08:49.76Z" },
    { url = "https://files.pythonhosted.org/packages/c4/2a/404b331f2b7bf3198e9945f75c4c521f0c6a3a23b51f7a4a401b94a13833/pyzmq-27.1.0-cp314-cp314t-musllinux_1_2_aarch64.whl", hash = "sha256:80d834abee71f65253c91540445d37c4c561e293ba6e741b992f20a105d69146", size = 1650193, upload-time = "2025-09-08T23:08:51.7Z" },
    { url = "https://files.pythonhosted.org/packages/1c/0b/f4107e33f62a5acf60e3ded67ed33d79b4ce18de432625ce2fc5093d6388/pyzmq-27.1.0-cp314-cp314t-musllinux_1_2_i686.whl", hash = "sha256:544b4e3b7198dde4a62b8ff6685e9802a9a1ebf47e77478a5eb88eca2a82f2fd", size = 2024388, upload-time = "2025-09-08T23:08:53.393Z" },
    { url = "https://files.pythonhosted.org/packages/0d/01/add31fe76512642fd6e40e3a3bd21f4b47e242c8ba33efb6809e37076d9b/pyzmq-27.1.0-cp314-cp314t-musllinux_1_2_x86_64.whl", hash = "sha256:cedc4c68178e59a4046f97eca31b148ddcf51e88677de1ef4e78cf06c5376c9a", size = 1885316, upload-time = "2025-09-08T23:08:55.702Z" },
    { url = "https://files.pythonhosted.org/packages/c4/59/a5f38970f9bf07cee96128de79590bb354917914a9be11272cfc7ff26af0/pyzmq-27.1.0-cp314-cp314t-win32.whl", hash = "sha256:1f0b2a577fd770aa6f053211a55d1c47901f4d537389a034c690291485e5fe92", size = 587472, upload-time = "2025-09-08T23:08:58.18Z" },
    { url = "https://files.pythonhosted.org/packages/70/d8/78b1bad170f93fcf5e3536e70e8fadac55030002275c9a29e8f5719185de/pyzmq-27.1.0-cp314-cp314t-win_amd64.whl", hash = "sha256:19c9468ae0437f8074af379e986c5d3d7d7bfe033506af442e8c879732bedbe0", size = 661401, upload-time = "2025-09-08T23:08:59.802Z" },
    { url = "https://files.pythonhosted.org/packages/81/d6/4bfbb40c9a0b42fc53c7cf442f6385db70b40f74a783130c5d0a5aa62228/pyzmq-27.1.0-cp314-cp314t-win_arm64.whl", hash = "sha256:dc5dbf68a7857b59473f7df42650c621d7e8923fb03fa74a526890f4d33cc4d7", size = 575170, upload-time = "2025-09-08T23:09:01.418Z" },
]

[[package]]
name = "rich"
version = "15.0.0"
source = { registry = "https://pypi.org/simple" }
dependencies = [
    { name = "markdown-it-py" },
    { name = "pygments" },
]
sdist = { url = "https://files.pythonhosted.org/packages/c0/8f/0722ca900cc807c13a6a0c696dacf35430f72e0ec571c4275d2371fca3e9/rich-15.0.0.tar.gz", hash = "sha256:edd07a4824c6b40189fb7ac9bc4c52536e9780fbbfbddf6f1e2502c31b068c36", size = 230680, upload-time = "2026-04-12T08:24:00.75Z" }
wheels = [
    { url = "https://files.pythonhosted.org/packages/82/3b/64d4899d73f91ba49a8c18a8ff3f0ea8f1c1d75481760df8c68ef5235bf5/rich-15.0.0-py3-none-any.whl", hash = "sha256:33bd4ef74232fb73fe9279a257718407f169c09b78a87ad3d296f548e27de0bb", size = 310654, upload-time = "2026-04-12T08:24:02.83Z" },
]

[[package]]
name = "tertius"
version = "0.1.0"
source = { directory = "../tertius" }
dependencies = [
    { name = "pyzmq" },
]

[package.metadata]
requires-dist = [{ name = "pyzmq", specifier = ">=26.0.0" }]

[package.metadata.requires-dev]
dev = [
    { name = "hypothesis", specifier = ">=6.152.1" },
    { name = "orbis", editable = "../orbis" },
    { name = "pyright", specifier = ">=1.1.408" },
    { name = "pytest", specifier = ">=9.0.3" },
    { name = "pytest-cov", specifier = ">=7.1.0" },
]

[[package]]
name = "time-machine"
version = "3.2.0"
source = { registry = "https://pypi.org/simple" }
sdist = { url = "https://files.pythonhosted.org/packages/02/fc/37b02f6094dbb1f851145330460532176ed2f1dc70511a35828166c41e52/time_machine-3.2.0.tar.gz", hash = "sha256:a4ddd1cea17b8950e462d1805a42b20c81eb9aafc8f66b392dd5ce997e037d79", size = 14804, upload-time = "2025-12-17T23:33:02.599Z" }
wheels = [
    { url = "https://files.pythonhosted.org/packages/61/70/b4b980d126ed155c78d1879c50d60c8dcbd47bd11cb14ee7be50e0dfc07f/time_machine-3.2.0-cp314-cp314-macosx_10_15_universal2.whl", hash = "sha256:1398980c017fe5744d66f419e0115ee48a53b00b146d738e1416c225eb610b82", size = 19303, upload-time = "2025-12-17T23:32:35.796Z" },
    { url = "https://files.pythonhosted.org/packages/73/73/eaa33603c69a68fe2b6f54f9dd75481693d62f1d29676531002be06e2d1c/time_machine-3.2.0-cp314-cp314-macosx_10_15_x86_64.whl", hash = "sha256:4f8f4e35f4191ef70c2ab8ff490761ee9051b891afce2bf86dde3918eb7b537b", size = 15431, upload-time = "2025-12-17T23:32:37.244Z" },
    { url = "https://files.pythonhosted.org/packages/76/10/b81e138e86cc7bab40cdb59d294b341e172201f4a6c84bb0ec080407977a/time_machine-3.2.0-cp314-cp314-manylinux1_i686.manylinux_2_28_i686.manylinux_2_5_i686.whl", hash = "sha256:6db498686ecf6163c5aa8cf0bcd57bbe0f4081184f247edf3ee49a2612b584f9", size = 33206, upload-time = "2025-12-17T23:32:38.713Z" },
    { url = "https://files.pythonhosted.org/packages/d3/72/4deab446b579e8bd5dca91de98595c5d6bd6a17ce162abf5c5f2ce40d3d8/time_machine-3.2.0-cp314-cp314-manylinux1_x86_64.manylinux_2_28_x86_64.manylinux_2_5_x86_64.whl", hash = "sha256:027c1807efb74d0cd58ad16524dec94212fbe900115d70b0123399883657ac0f", size = 34792, upload-time = "2025-12-17T23:32:40.223Z" },
    { url = "https://files.pythonhosted.org/packages/2c/39/439c6b587ddee76d533fe972289d0646e0a5520e14dc83d0a30aeb5565f7/time_machine-3.2.0-cp314-cp314-manylinux2014_aarch64.manylinux_2_17_aarch64.manylinux_2_28_aarch64.whl", hash = "sha256:92432610c05676edd5e6946a073c6f0c926923123ce7caee1018dc10782c713d", size = 36187, upload-time = "2025-12-17T23:32:41.705Z" },
    { url = "https://files.pythonhosted.org/packages/4b/db/2da4368db15180989bab83746a857bde05ad16e78f326801c142bb747a06/time_machine-3.2.0-cp314-cp314-musllinux_1_2_aarch64.whl", hash = "sha256:c25586b62480eb77ef3d953fba273209478e1ef49654592cd6a52a68dfe56a67", size = 34855, upload-time = "2025-12-17T23:32:42.817Z" },
    { url = "https://files.pythonhosted.org/packages/88/84/120a431fee50bc4c241425bee4d3a4910df4923b7ab5f7dff1bf0c772f08/time_machine-3.2.0-cp314-cp314-musllinux_1_2_i686.whl", hash = "sha256:6bf3a2fa738d15e0b95d14469a0b8ea42635467408d8b490e263d5d45c9a177f", size = 33222, upload-time = "2025-12-17T23:32:43.94Z" },
    { url = "https://files.pythonhosted.org/packages/f9/ea/89cfda82bb8c57ff91bb9a26751aa234d6d90e9b4d5ab0ad9dce0f9f0329/time_machine-3.2.0-cp314-cp314-musllinux_1_2_x86_64.whl", hash = "sha256:ce76b82276d7ad2a66cdc85dad4df19d1422b69183170a34e8fbc4c3f35502f7", size = 34270, upload-time = "2025-12-17T23:32:45.037Z" },
    { url = "https://files.pythonhosted.org/packages/8a/aa/235357da4f69a51a8d35fcbfcfa77cdc7dc24f62ae54025006570bda7e2d/time_machine-3.2.0-cp314-cp314-win32.whl", hash = "sha256:14d6778273c543441863dff712cd1d7803dee946b18de35921eb8df10714539d", size = 17544, upload-time = "2025-12-17T23:32:46.099Z" },
    { url = "https://files.pythonhosted.org/packages/7b/51/6c8405a7276be79693b792cff22ce41067ec05db26a7d02f2d5b06324434/time_machine-3.2.0-cp314-cp314-win_amd64.whl", hash = "sha256:cbf821da96dbc80d349fa9e7c36e670b41d68a878d28c8850057992fed430eef", size = 18423, upload-time = "2025-12-17T23:32:47.468Z" },
    { url = "https://files.pythonhosted.org/packages/d9/03/a3cf419e20c35fc203c6e4fed48b5b667c1a2b4da456d9971e605f73ecef/time_machine-3.2.0-cp314-cp314-win_arm64.whl", hash = "sha256:71c75d71f8e68abc8b669bca26ed2ddd558430a6c171e32b8620288565f18c0e", size = 17050, upload-time = "2025-12-17T23:32:48.91Z" },
    { url = "https://files.pythonhosted.org/packages/86/a1/142de946dc4393f910bf4564b5c3ba819906e1f49b06c9cb557519c849e4/time_machine-3.2.0-cp314-cp314t-macosx_10_15_universal2.whl", hash = "sha256:4e374779021446fc2b5c29d80457ec9a3b1a5df043dc2aae07d7c1415d52323c", size = 19991, upload-time = "2025-12-17T23:32:49.933Z" },
    { url = "https://files.pythonhosted.org/packages/ee/62/7f17def6289901f94726921811a16b9adce46e666362c75d45730c60274f/time_machine-3.2.0-cp314-cp314t-macosx_10_15_x86_64.whl", hash = "sha256:122310a6af9c36e9a636da32830e591e7923e8a07bdd0a43276c3a36c6821c90", size = 15707, upload-time = "2025-12-17T23:32:50.969Z" },
    { url = "https://files.pythonhosted.org/packages/5d/d3/3502fb9bd3acb159c18844b26c43220201a0d4a622c0c853785d07699a92/time_machine-3.2.0-cp314-cp314t-manylinux1_i686.manylinux_2_28_i686.manylinux_2_5_i686.whl", hash = "sha256:ba3eeb0f018cc362dd8128befa3426696a2e16dd223c3fb695fde184892d4d8c", size = 39207, upload-time = "2025-12-17T23:32:52.033Z" },
    { url = "https://files.pythonhosted.org/packages/5a/be/8b27f4aa296fda14a5a2ad7f588ddd450603c33415ab3f8e85b2f1a44678/time_machine-3.2.0-cp314-cp314t-manylinux1_x86_64.manylinux_2_28_x86_64.manylinux_2_5_x86_64.whl", hash = "sha256:77d38ba664b381a7793f8786efc13b5004f0d5f672dae814430445b8202a67a6", size = 40764, upload-time = "2025-12-17T23:32:53.167Z" },
    { url = "https://files.pythonhosted.org/packages/42/cd/fe4c4e5c8ab6d48fab3624c32be9116fb120173a35fe67e482e5cf68b3d2/time_machine-3.2.0-cp314-cp314t-manylinux2014_aarch64.manylinux_2_17_aarch64.manylinux_2_28_aarch64.whl", hash = "sha256:f09abeb8f03f044d72712207e0489a62098ad3ad16dac38927fcf80baca4d6a7", size = 43508, upload-time = "2025-12-17T23:32:54.597Z" },
    { url = "https://files.pythonhosted.org/packages/b4/28/5a3ba2fce85b97655a425d6bb20a441550acd2b304c96b2c19d3839f721a/time_machine-3.2.0-cp314-cp314t-musllinux_1_2_aarch64.whl", hash = "sha256:6b28367ce4f73987a55e230e1d30a57a3af85da8eb1a140074eb6e8c7e6ef19f", size = 41712, upload-time = "2025-12-17T23:32:55.781Z" },
    { url = "https://files.pythonhosted.org/packages/81/58/e38084be7fdabb4835db68a3a47e58c34182d79fc35df1ecbe0db2c5359f/time_machine-3.2.0-cp314-cp314t-musllinux_1_2_i686.whl", hash = "sha256:903c7751c904581da9f7861c3015bed7cdc40047321291d3694a3cdc783bbca3", size = 38939, upload-time = "2025-12-17T23:32:56.867Z" },
    { url = "https://files.pythonhosted.org/packages/40/d0/ad3feb0a392ef4e0c08bc32024950373ddc0669002cbdcbb9f3bf0c2d114/time_machine-3.2.0-cp314-cp314t-musllinux_1_2_x86_64.whl", hash = "sha256:528217cad85ede5f85c8bc78b0341868d3c3cfefc6ecb5b622e1cacb6c73247b", size = 39837, upload-time = "2025-12-17T23:32:58.283Z" },
    { url = "https://files.pythonhosted.org/packages/5b/9e/5f4b2ea63b267bd78f3245e76f5528836611b5f2d30b5e7300a722fe4428/time_machine-3.2.0-cp314-cp314t-win32.whl", hash = "sha256:75724762ffd517e7e80aaec1fad1ff5a7414bd84e2b3ee7a0bacfeb67c14926e", size = 18091, upload-time = "2025-12-17T23:32:59.403Z" },
    { url = "https://files.pythonhosted.org/packages/39/6f/456b1f4d2700ae02b19eba830f870596a4b89b74bac3b6c80666f1b108c5/time_machine-3.2.0-cp314-cp314t-win_amd64.whl", hash = "sha256:2526abbd053c5bca898d1b3e7898eec34626b12206718d8c7ce88fd12c1c9c5c", size = 19208, upload-time = "2025-12-17T23:33:00.488Z" },
    { url = "https://files.pythonhosted.org/packages/2f/22/8063101427ecd3d2652aada4d21d0876b07a3dc789125bca2ee858fec3ed/time_machine-3.2.0-cp314-cp314t-win_arm64.whl", hash = "sha256:7f2fb6784b414edbe2c0b558bfaab0c251955ba27edd62946cce4a01675a992c", size = 17359, upload-time = "2025-12-17T23:33:01.54Z" },
]

[[package]]
name = "typing-extensions"
version = "4.15.0"
source = { registry = "https://pypi.org/simple" }
sdist = { url = "https://files.pythonhosted.org/packages/72/94/1a15dd82efb362ac84269196e94cf00f187f7ed21c242792a923cdb1c61f/typing_extensions-4.15.0.tar.gz", hash = "sha256:0cea48d173cc12fa28ecabc3b837ea3cf6f38c6d1136f85cbaaf598984861466", size = 109391, upload-time = "2025-08-25T13:49:26.313Z" }
wheels = [
    { url = "https://files.pythonhosted.org/packages/18/67/36e9267722cc04a6b9f15c7f3441c2363321a3ea07da7ae0c0707beb2a9c/typing_extensions-4.15.0-py3-none-any.whl", hash = "sha256:f0fa19c6845758ab08074a0cfa8b7aecb71c999ca73d62883bc25cc018c4e548", size = 44614, upload-time = "2025-08-25T13:49:24.86Z" },
]

[[package]]
name = "zahir2"
version = "0.1.0"
source = { virtual = "." }
dependencies = [
    { name = "psutil" },
    { name = "rich" },
]

[package.dev-dependencies]
dev = [
    { name = "orbis" },
    { name = "pyright" },
    { name = "pytest" },
    { name = "pytest-cov" },
    { name = "tertius" },
    { name = "time-machine" },
]

[package.metadata]
requires-dist = [
    { name = "psutil", specifier = ">=7.2.2" },
    { name = "rich", specifier = ">=13.0.0" },
]

[package.metadata.requires-dev]
dev = [
    { name = "orbis", directory = "../orbis" },
    { name = "pyright", specifier = ">=1.1.408" },
    { name = "pytest" },
    { name = "pytest-cov", specifier = ">=7.1.0" },
    { name = "tertius", directory = "../tertius" },
    { name = "time-machine" },
]
